
Microsoft Visual Studio Solution File, Format Version 12.00
# Visual Studio Version 17
VisualStudioVersion = 17.0.31903.59
MinimumVisualStudioVersion = 10.0.40219.1
Project("{FAE04EC0-301F-11D3-BF4B-00C04F79EFBC}") = "API", "API\API.csproj", "{0ED2942C-0048-4E21-BA6C-4FE4A1A995D8}"
EndProject
Project("{FAE04EC0-301F-11D3-BF4B-00C04F79EFBC}") = "Application", "Application\Application.csproj", "{BD4E043A-A148-430D-B32F-4D9E19A762B7}"
EndProject
Project("{FAE04EC0-301F-11D3-BF4B-00C04F79EFBC}") = "Domain", "Domain\Domain.csproj", "{42633389-2A3B-4647-B9B7-07AE6937AB92}"
EndProject
Project("{FAE04EC0-301F-11D3-BF4B-00C04F79EFBC}") = "Persistence", "Persistence\Persistence.csproj", "{38C8727B-FD67-4F17-8CA1-670F75E2FBF0}"
EndProject
Global
	GlobalSection(SolutionConfigurationPlatforms) = preSolution
		Debug|Any CPU = Debug|Any CPU
		Release|Any CPU = Release|Any CPU
	EndGlobalSection
	GlobalSection(SolutionProperties) = preSolution
		HideSolutionNode = FALSE
	EndGlobalSection
	GlobalSection(ProjectConfigurationPlatforms) = postSolution
		{0ED2942C-0048-4E21-BA6C-4FE4A1A995D8}.Debug|Any CPU.ActiveCfg = Debug|Any CPU
		{0ED2942C-0048-4E21-BA6C-4FE4A1A995D8}.Debug|Any CPU.Build.0 = Debug|Any CPU
		{0ED2942C-0048-4E21-BA6C-4FE4A1A995D8}.Release|Any CPU.ActiveCfg = Release|Any CPU
		{0ED2942C-0048-4E21-BA6C-4FE4A1A995D8}.Release|Any CPU.Build.0 = Release|Any CPU
		{BD4E043A-A148-430D-B32F-4D9E19A762B7}.Debug|Any CPU.ActiveCfg = Debug|Any CPU
		{BD4E043A-A148-430D-B32F-4D9E19A762B7}.Debug|Any CPU.Build.0 = Debug|Any CPU
		{BD4E043A-A148-430D-B32F-4D9E19A762B7}.Release|Any CPU.ActiveCfg = Release|Any CPU
		{BD4E043A-A148-430D-B32F-4D9E19A762B7}.Release|Any CPU.Build.0 = Release|Any CPU
		{42633389-2A3B-4647-B9B7-07AE6937AB92}.Debug|Any CPU.ActiveCfg = Debug|Any CPU
		{42633389-2A3B-4647-B9B7-07AE6937AB92}.Debug|Any CPU.Build.0 = Debug|Any CPU
		{42633389-2A3B-4647-B9B7-07AE6937AB92}.Release|Any CPU.ActiveCfg = Release|Any CPU
		{42633389-2A3B-4647-B9B7-07AE6937AB92}.Release|Any CPU.Build.0 = Release|Any CPU
		{38C8727B-FD67-4F17-8CA1-670F75E2FBF0}.Debug|Any CPU.ActiveCfg = Debug|Any CPU
		{38C8727B-FD67-4F17-8CA1-670F75E2FBF0}.Debug|Any CPU.Build.0 = Debug|Any CPU
		{38C8727B-FD67-4F17-8CA1-670F75E2FBF0}.Release|Any CPU.ActiveCfg = Release|Any CPU
		{38C8727B-FD67-4F17-8CA1-670F75E2FBF0}.Release|Any CPU.Build.0 = Release|Any CPU
	EndGlobalSection
EndGlobal
